// !$*UTF8*$!
{
	archiveVersion = 1;
	classes = {
	};
	objectVersion = 56;
	objects = {

/* Begin PBXBuildFile section */
		AF3327112BEA0B7E001B1C87 /* AppDelegate.swift in Sources */ = {isa = PBXBuildFile; fileRef = AF3327102BEA0B7E001B1C87 /* AppDelegate.swift */; };
		AF3327132BEA0B7E001B1C87 /* SceneDelegate.swift in Sources */ = {isa = PBXBuildFile; fileRef = AF3327122BEA0B7E001B1C87 /* SceneDelegate.swift */; };
		AF3327152BEA0B7E001B1C87 /* JournalListViewController.swift in Sources */ = {isa = PBXBuildFile; fileRef = AF3327142BEA0B7E001B1C87 /* JournalListViewController.swift */; };
		AF3327182BEA0B7E001B1C87 /* Base in Resources */ = {isa = PBXBuildFile; fileRef = AF3327172BEA0B7E001B1C87 /* Base */; };
		AF33271A2BEA0B81001B1C87 /* Assets.xcassets in Resources */ = {isa = PBXBuildFile; fileRef = AF3327192BEA0B81001B1C87 /* Assets.xcassets */; };
		AF33271D2BEA0B81001B1C87 /* Base in Resources */ = {isa = PBXBuildFile; fileRef = AF33271C2BEA0B81001B1C87 /* Base */; };
		AFE82A802BEDB8F90015957A /* JournalEntry.swift in Sources */ = {isa = PBXBuildFile; fileRef = AFE82A7F2BEDB8F90015957A /* JournalEntry.swift */; };
		AFE82A822BEDC0D50015957A /* JournalListTableViewCell.swift in Sources */ = {isa = PBXBuildFile; fileRef = AFE82A812BEDC0D50015957A /* JournalListTableViewCell.swift */; };
		AFE82A872BEDE5DB0015957A /* AddJournalEntryViewController.swift in Sources */ = {isa = PBXBuildFile; fileRef = AFE82A862BEDE5DB0015957A /* AddJournalEntryViewController.swift */; };
		AFE82A8A2BEE01E00015957A /* JournalEntryDetailViewController.swift in Sources */ = {isa = PBXBuildFile; fileRef = AFE82A892BEE01E00015957A /* JournalEntryDetailViewController.swift */; };
/* End PBXBuildFile section */

/* Begin PBXFileReference section */
		AF33270D2BEA0B7E001B1C87 /* JRNL.app */ = {isa = PBXFileReference; explicitFileType = wrapper.application; includeInIndex = 0; path = JRNL.app; sourceTree = BUILT_PRODUCTS_DIR; };
		AF3327102BEA0B7E001B1C87 /* AppDelegate.swift */ = {isa = PBXFileReference; lastKnownFileType = sourcecode.swift; path = AppDelegate.swift; sourceTree = "<group>"; };
		AF3327122BEA0B7E001B1C87 /* SceneDelegate.swift */ = {isa = PBXFileReference; lastKnownFileType = sourcecode.swift; path = SceneDelegate.swift; sourceTree = "<group>"; };
		AF3327142BEA0B7E001B1C87 /* JournalListViewController.swift */ = {isa = PBXFileReference; lastKnownFileType = sourcecode.swift; path = JournalListViewController.swift; sourceTree = "<group>"; };
		AF3327172BEA0B7E001B1C87 /* Base */ = {isa = PBXFileReference; lastKnownFileType = file.storyboard; name = Base; path = Base.lproj/Main.storyboard; sourceTree = "<group>"; };
		AF3327192BEA0B81001B1C87 /* Assets.xcassets */ = {isa = PBXFileReference; lastKnownFileType = folder.assetcatalog; path = Assets.xcassets; sourceTree = "<group>"; };
		AF33271C2BEA0B81001B1C87 /* Base */ = {isa = PBXFileReference; lastKnownFileType = file.storyboard; name = Base; path = Base.lproj/LaunchScreen.storyboard; sourceTree = "<group>"; };
		AF33271E2BEA0B81001B1C87 /* Info.plist */ = {isa = PBXFileReference; lastKnownFileType = text.plist.xml; path = Info.plist; sourceTree = "<group>"; };
		AFE82A7F2BEDB8F90015957A /* JournalEntry.swift */ = {isa = PBXFileReference; lastKnownFileType = sourcecode.swift; path = JournalEntry.swift; sourceTree = "<group>"; };
		AFE82A812BEDC0D50015957A /* JournalListTableViewCell.swift */ = {isa = PBXFileReference; lastKnownFileType = sourcecode.swift; path = JournalListTableViewCell.swift; sourceTree = "<group>"; };
		AFE82A862BEDE5DB0015957A /* AddJournalEntryViewController.swift */ = {isa = PBXFileReference; lastKnownFileType = sourcecode.swift; path = AddJournalEntryViewController.swift; sourceTree = "<group>"; };
		AFE82A892BEE01E00015957A /* JournalEntryDetailViewController.swift */ = {isa = PBXFileReference; lastKnownFileType = sourcecode.swift; path = JournalEntryDetailViewController.swift; sourceTree = "<group>"; };
/* End PBXFileReference section */

/* Begin PBXFrameworksBuildPhase section */
		AF33270A2BEA0B7E001B1C87 /* Frameworks */ = {
			isa = PBXFrameworksBuildPhase;
			buildActionMask = 2147483647;
			files = (
			);
			runOnlyForDeploymentPostprocessing = 0;
		};
/* End PBXFrameworksBuildPhase section */

/* Begin PBXGroup section */
		AF3327042BEA0B7E001B1C87 = {
			isa = PBXGroup;
			children = (
				AF33270F2BEA0B7E001B1C87 /* JRNL */,
				AF33270E2BEA0B7E001B1C87 /* Products */,
			);
			sourceTree = "<group>";
		};
		AF33270E2BEA0B7E001B1C87 /* Products */ = {
			isa = PBXGroup;
			children = (
				AF33270D2BEA0B7E001B1C87 /* JRNL.app */,
			);
			name = Products;
			sourceTree = "<group>";
		};
		AF33270F2BEA0B7E001B1C87 /* JRNL */ = {
			isa = PBXGroup;
			children = (
				AF3327102BEA0B7E001B1C87 /* AppDelegate.swift */,
				AF3327122BEA0B7E001B1C87 /* SceneDelegate.swift */,
				AFE82A882BEE01890015957A /* Entry Detail Scene */,
				AFE82A7C2BEDB7FD0015957A /* Journal List Screen */,
				AFE82A832BEDDCD10015957A /* Add New Journal Entry Screen */,
				AF3327162BEA0B7E001B1C87 /* Main.storyboard */,
				AF3327192BEA0B81001B1C87 /* Assets.xcassets */,
				AF33271B2BEA0B81001B1C87 /* LaunchScreen.storyboard */,
				AF33271E2BEA0B81001B1C87 /* Info.plist */,
			);
			path = JRNL;
			sourceTree = "<group>";
		};
		AFE82A7C2BEDB7FD0015957A /* Journal List Screen */ = {
			isa = PBXGroup;
			children = (
				AFE82A7D2BEDB8860015957A /* View */,
				AFE82A7E2BEDB88F0015957A /* Model */,
				AF3327142BEA0B7E001B1C87 /* JournalListViewController.swift */,
			);
			path = "Journal List Screen";
			sourceTree = "<group>";
		};
		AFE82A7D2BEDB8860015957A /* View */ = {
			isa = PBXGroup;
			children = (
				AFE82A812BEDC0D50015957A /* JournalListTableViewCell.swift */,
			);
			path = View;
			sourceTree = "<group>";
		};
		AFE82A7E2BEDB88F0015957A /* Model */ = {
			isa = PBXGroup;
			children = (
				AFE82A7F2BEDB8F90015957A /* JournalEntry.swift */,
			);
			path = Model;
			sourceTree = "<group>";
		};
		AFE82A832BEDDCD10015957A /* Add New Journal Entry Screen */ = {
			isa = PBXGroup;
			children = (
				AFE82A862BEDE5DB0015957A /* AddJournalEntryViewController.swift */,
			);
			path = "Add New Journal Entry Screen";
			sourceTree = "<group>";
		};
		AFE82A882BEE01890015957A /* Entry Detail Scene */ = {
			isa = PBXGroup;
			children = (
				AFE82A892BEE01E00015957A /* JournalEntryDetailViewController.swift */,
			);
			path = "Entry Detail Scene";
			sourceTree = "<group>";
		};
/* End PBXGroup section */

/* Begin PBXNativeTarget section */
		AF33270C2BEA0B7E001B1C87 /* JRNL */ = {
			isa = PBXNativeTarget;
			buildConfigurationList = AF3327212BEA0B81001B1C87 /* Build configuration list for PBXNativeTarget "JRNL" */;
			buildPhases = (
				AF3327092BEA0B7E001B1C87 /* Sources */,
				AF33270A2BEA0B7E001B1C87 /* Frameworks */,
				AF33270B2BEA0B7E001B1C87 /* Resources */,
			);
			buildRules = (
			);
			dependencies = (
			);
			name = JRNL;
			productName = JRNL;
			productReference = AF33270D2BEA0B7E001B1C87 /* JRNL.app */;
			productType = "com.apple.product-type.application";
		};
/* End PBXNativeTarget section */

/* Begin PBXProject section */
		AF3327052BEA0B7E001B1C87 /* Project object */ = {
			isa = PBXProject;
			attributes = {
				BuildIndependentTargetsInParallel = 1;
				LastSwiftUpdateCheck = 1530;
				LastUpgradeCheck = 1530;
				TargetAttributes = {
					AF33270C2BEA0B7E001B1C87 = {
						CreatedOnToolsVersion = 15.3;
					};
				};
			};
			buildConfigurationList = AF3327082BEA0B7E001B1C87 /* Build configuration list for PBXProject "JRNL" */;
			compatibilityVersion = "Xcode 14.0";
			developmentRegion = en;
			hasScannedForEncodings = 0;
			knownRegions = (
				en,
				Base,
			);
			mainGroup = AF3327042BEA0B7E001B1C87;
			productRefGroup = AF33270E2BEA0B7E001B1C87 /* Products */;
			projectDirPath = "";
			projectRoot = "";
			targets = (
				AF33270C2BEA0B7E001B1C87 /* JRNL */,
			);
		};
/* End PBXProject section */

/* Begin PBXResourcesBuildPhase section */
		AF33270B2BEA0B7E001B1C87 /* Resources */ = {
			isa = PBXResourcesBuildPhase;
			buildActionMask = 2147483647;
			files = (
				AF33271A2BEA0B81001B1C87 /* Assets.xcassets in Resources */,
				AF33271D2BEA0B81001B1C87 /* Base in Resources */,
				AF3327182BEA0B7E001B1C87 /* Base in Resources */,
			);
			runOnlyForDeploymentPostprocessing = 0;
		};
/* End PBXResourcesBuildPhase section */

/* Begin PBXSourcesBuildPhase section */
		AF3327092BEA0B7E001B1C87 /* Sources */ = {
			isa = PBXSourcesBuildPhase;
			buildActionMask = 2147483647;
			files = (
				AF3327152BEA0B7E001B1C87 /* JournalListViewController.swift in Sources */,
				AF3327112BEA0B7E001B1C87 /* AppDelegate.swift in Sources */,
				AFE82A802BEDB8F90015957A /* JournalEntry.swift in Sources */,
				AFE82A822BEDC0D50015957A /* JournalListTableViewCell.swift in Sources */,
				AF3327132BEA0B7E001B1C87 /* SceneDelegate.swift in Sources */,
				AFE82A8A2BEE01E00015957A /* JournalEntryDetailViewController.swift in Sources */,
				AFE82A872BEDE5DB0015957A /* AddJournalEntryViewController.swift in Sources */,
			);
			runOnlyForDeploymentPostprocessing = 0;
		};
/* End PBXSourcesBuildPhase section */

/* Begin PBXVariantGroup section */
		AF3327162BEA0B7E001B1C87 /* Main.storyboard */ = {
			isa = PBXVariantGroup;
			children = (
				AF3327172BEA0B7E001B1C87 /* Base */,
			);
			name = Main.storyboard;
			sourceTree = "<group>";
		};
		AF33271B2BEA0B81001B1C87 /* LaunchScreen.storyboard */ = {
			isa = PBXVariantGroup;
			children = (
				AF33271C2BEA0B81001B1C87 /* Base */,
			);
			name = LaunchScreen.storyboard;
			sourceTree = "<group>";
		};
/* End PBXVariantGroup section */

/* Begin XCBuildConfiguration section */
		AF33271F2BEA0B81001B1C87 /* Debug */ = {
			isa = XCBuildConfiguration;
			buildSettings = {
				ALWAYS_SEARCH_USER_PATHS = NO;
				ASSETCATALOG_COMPILER_GENERATE_SWIFT_ASSET_SYMBOL_EXTENSIONS = YES;
				CLANG_ANALYZER_NONNULL = YES;
				CLANG_ANALYZER_NUMBER_OBJECT_CONVERSION = YES_AGGRESSIVE;
				CLANG_CXX_LANGUAGE_STANDARD = "gnu++20";
				CLANG_ENABLE_MODULES = YES;
				CLANG_ENABLE_OBJC_ARC = YES;
				CLANG_ENABLE_OBJC_WEAK = YES;
				CLANG_WARN_BLOCK_CAPTURE_AUTORELEASING = YES;
				CLANG_WARN_BOOL_CONVERSION = YES;
				CLANG_WARN_COMMA = YES;
				CLANG_WARN_CONSTANT_CONVERSION = YES;
				CLANG_WARN_DEPRECATED_OBJC_IMPLEMENTATIONS = YES;
				CLANG_WARN_DIRECT_OBJC_ISA_USAGE = YES_ERROR;
				CLANG_WARN_DOCUMENTATION_COMMENTS = YES;
				CLANG_WARN_EMPTY_BODY = YES;
				CLANG_WARN_ENUM_CONVERSION = YES;
				CLANG_WARN_INFINITE_RECURSION = YES;
				CLANG_WARN_INT_CONVERSION = YES;
				CLANG_WARN_NON_LITERAL_NULL_CONVERSION = YES;
				CLANG_WARN_OBJC_IMPLICIT_RETAIN_SELF = YES;
				CLANG_WARN_OBJC_LITERAL_CONVERSION = YES;
				CLANG_WARN_OBJC_ROOT_CLASS = YES_ERROR;
				CLANG_WARN_QUOTED_INCLUDE_IN_FRAMEWORK_HEADER = YES;
				CLANG_WARN_RANGE_LOOP_ANALYSIS = YES;
				CLANG_WARN_STRICT_PROTOTYPES = YES;
				CLANG_WARN_SUSPICIOUS_MOVE = YES;
				CLANG_WARN_UNGUARDED_AVAILABILITY = YES_AGGRESSIVE;
				CLANG_WARN_UNREACHABLE_CODE = YES;
				CLANG_WARN__DUPLICATE_METHOD_MATCH = YES;
				COPY_PHASE_STRIP = NO;
				DEBUG_INFORMATION_FORMAT = dwarf;
				ENABLE_STRICT_OBJC_MSGSEND = YES;
				ENABLE_TESTABILITY = YES;
				ENABLE_USER_SCRIPT_SANDBOXING = YES;
				GCC_C_LANGUAGE_STANDARD = gnu17;
				GCC_DYNAMIC_NO_PIC = NO;
				GCC_NO_COMMON_BLOCKS = YES;
				GCC_OPTIMIZATION_LEVEL = 0;
				GCC_PREPROCESSOR_DEFINITIONS = (
					"DEBUG=1",
					"$(inherited)",
				);
				GCC_WARN_64_TO_32_BIT_CONVERSION = YES;
				GCC_WARN_ABOUT_RETURN_TYPE = YES_ERROR;
				GCC_WARN_UNDECLARED_SELECTOR = YES;
				GCC_WARN_UNINITIALIZED_AUTOS = YES_AGGRESSIVE;
				GCC_WARN_UNUSED_FUNCTION = YES;
				GCC_WARN_UNUSED_VARIABLE = YES;
				IPHONEOS_DEPLOYMENT_TARGET = 17.4;
				LOCALIZATION_PREFERS_STRING_CATALOGS = YES;
				MTL_ENABLE_DEBUG_INFO = INCLUDE_SOURCE;
				MTL_FAST_MATH = YES;
				ONLY_ACTIVE_ARCH = YES;
				SDKROOT = iphoneos;
				SWIFT_ACTIVE_COMPILATION_CONDITIONS = "DEBUG $(inherited)";
				SWIFT_OPTIMIZATION_LEVEL = "-Onone";
			};
			name = Debug;
		};
		AF3327202BEA0B81001B1C87 /* Release */ = {
			isa = XCBuildConfiguration;
			buildSettings = {
				ALWAYS_SEARCH_USER_PATHS = NO;
				ASSETCATALOG_COMPILER_GENERATE_SWIFT_ASSET_SYMBOL_EXTENSIONS = YES;
				CLANG_ANALYZER_NONNULL = YES;
				CLANG_ANALYZER_NUMBER_OBJECT_CONVERSION = YES_AGGRESSIVE;
				CLANG_CXX_LANGUAGE_STANDARD = "gnu++20";
				CLANG_ENABLE_MODULES = YES;
				CLANG_ENABLE_OBJC_ARC = YES;
				CLANG_ENABLE_OBJC_WEAK = YES;
				CLANG_WARN_BLOCK_CAPTURE_AUTORELEASING = YES;
				CLANG_WARN_BOOL_CONVERSION = YES;
				CLANG_WARN_COMMA = YES;
				CLANG_WARN_CONSTANT_CONVERSION = YES;
				CLANG_WARN_DEPRECATED_OBJC_IMPLEMENTATIONS = YES;
				CLANG_WARN_DIRECT_OBJC_ISA_USAGE = YES_ERROR;
				CLANG_WARN_DOCUMENTATION_COMMENTS = YES;
				CLANG_WARN_EMPTY_BODY = YES;
				CLANG_WARN_ENUM_CONVERSION = YES;
				CLANG_WARN_INFINITE_RECURSION = YES;
				CLANG_WARN_INT_CONVERSION = YES;
				CLANG_WARN_NON_LITERAL_NULL_CONVERSION = YES;
				CLANG_WARN_OBJC_IMPLICIT_RETAIN_SELF = YES;
				CLANG_WARN_OBJC_LITERAL_CONVERSION = YES;
				CLANG_WARN_OBJC_ROOT_CLASS = YES_ERROR;
				CLANG_WARN_QUOTED_INCLUDE_IN_FRAMEWORK_HEADER = YES;
				CLANG_WARN_RANGE_LOOP_ANALYSIS = YES;
				CLANG_WARN_STRICT_PROTOTYPES = YES;
				CLANG_WARN_SUSPICIOUS_MOVE = YES;
				CLANG_WARN_UNGUARDED_AVAILABILITY = YES_AGGRESSIVE;
				CLANG_WARN_UNREACHABLE_CODE = YES;
				CLANG_WARN__DUPLICATE_METHOD_MATCH = YES;
				COPY_PHASE_STRIP = NO;
				DEBUG_INFORMATION_FORMAT = "dwarf-with-dsym";
				ENABLE_NS_ASSERTIONS = NO;
				ENABLE_STRICT_OBJC_MSGSEND = YES;
				ENABLE_USER_SCRIPT_SANDBOXING = YES;
				GCC_C_LANGUAGE_STANDARD = gnu17;
				GCC_NO_COMMON_BLOCKS = YES;
				GCC_WARN_64_TO_32_BIT_CONVERSION = YES;
				GCC_WARN_ABOUT_RETURN_TYPE = YES_ERROR;
				GCC_WARN_UNDECLARED_SELECTOR = YES;
				GCC_WARN_UNINITIALIZED_AUTOS = YES_AGGRESSIVE;
				GCC_WARN_UNUSED_FUNCTION = YES;
				GCC_WARN_UNUSED_VARIABLE = YES;
				IPHONEOS_DEPLOYMENT_TARGET = 17.4;
				LOCALIZATION_PREFERS_STRING_CATALOGS = YES;
				MTL_ENABLE_DEBUG_INFO = NO;
				MTL_FAST_MATH = YES;
				SDKROOT = iphoneos;
				SWIFT_COMPILATION_MODE = wholemodule;
				VALIDATE_PRODUCT = YES;
			};
			name = Release;
		};
		AF3327222BEA0B81001B1C87 /* Debug */ = {
			isa = XCBuildConfiguration;
			buildSettings = {
				ASSETCATALOG_COMPILER_APPICON_NAME = AppIcon;
				ASSETCATALOG_COMPILER_GLOBAL_ACCENT_COLOR_NAME = AccentColor;
				CODE_SIGN_STYLE = Automatic;
				CURRENT_PROJECT_VERSION = 1;
				GENERATE_INFOPLIST_FILE = YES;
				INFOPLIST_FILE = JRNL/Info.plist;
				INFOPLIST_KEY_UIApplicationSupportsIndirectInputEvents = YES;
				INFOPLIST_KEY_UILaunchStoryboardName = LaunchScreen;
				INFOPLIST_KEY_UIMainStoryboardFile = Main;
				INFOPLIST_KEY_UISupportedInterfaceOrientations_iPad = "UIInterfaceOrientationPortrait UIInterfaceOrientationPortraitUpsideDown UIInterfaceOrientationLandscapeLeft UIInterfaceOrientationLandscapeRight";
				INFOPLIST_KEY_UISupportedInterfaceOrientations_iPhone = "UIInterfaceOrientationPortrait UIInterfaceOrientationLandscapeLeft UIInterfaceOrientationLandscapeRight";
				LD_RUNPATH_SEARCH_PATHS = (
					"$(inherited)",
					"@executable_path/Frameworks",
				);
				MARKETING_VERSION = 1.0;
				PRODUCT_BUNDLE_IDENTIFIER = kr.co.jeje.JRNL;
				PRODUCT_NAME = "$(TARGET_NAME)";
				SWIFT_EMIT_LOC_STRINGS = YES;
				SWIFT_VERSION = 5.0;
				TARGETED_DEVICE_FAMILY = "1,2";
			};
			name = Debug;
		};
		AF3327232BEA0B81001B1C87 /* Release */ = {
			isa = XCBuildConfiguration;
			buildSettings = {
				ASSETCATALOG_COMPILER_APPICON_NAME = AppIcon;
				ASSETCATALOG_COMPILER_GLOBAL_ACCENT_COLOR_NAME = AccentColor;
				CODE_SIGN_STYLE = Automatic;
				CURRENT_PROJECT_VERSION = 1;
				GENERATE_INFOPLIST_FILE = YES;
				INFOPLIST_FILE = JRNL/Info.plist;
				INFOPLIST_KEY_UIApplicationSupportsIndirectInputEvents = YES;
				INFOPLIST_KEY_UILaunchStoryboardName = LaunchScreen;
				INFOPLIST_KEY_UIMainStoryboardFile = Main;
				INFOPLIST_KEY_UISupportedInterfaceOrientations_iPad = "UIInterfaceOrientationPortrait UIInterfaceOrientationPortraitUpsideDown UIInterfaceOrientationLandscapeLeft UIInterfaceOrientationLandscapeRight";
				INFOPLIST_KEY_UISupportedInterfaceOrientations_iPhone = "UIInterfaceOrientationPortrait UIInterfaceOrientationLandscapeLeft UIInterfaceOrientationLandscapeRight";
				LD_RUNPATH_SEARCH_PATHS = (
					"$(inherited)",
					"@executable_path/Frameworks",
				);
				MARKETING_VERSION = 1.0;
				PRODUCT_BUNDLE_IDENTIFIER = kr.co.jeje.JRNL;
				PRODUCT_NAME = "$(TARGET_NAME)";
				SWIFT_EMIT_LOC_STRINGS = YES;
				SWIFT_VERSION = 5.0;
				TARGETED_DEVICE_FAMILY = "1,2";
			};
			name = Release;
		};
/* End XCBuildConfiguration section */

/* Begin XCConfigurationList section */
		AF3327082BEA0B7E001B1C87 /* Build configuration list for PBXProject "JRNL" */ = {
			isa = XCConfigurationList;
			buildConfigurations = (
				AF33271F2BEA0B81001B1C87 /* Debug */,
				AF3327202BEA0B81001B1C87 /* Release */,
			);
			defaultConfigurationIsVisible = 0;
			defaultConfigurationName = Release;
		};
		AF3327212BEA0B81001B1C87 /* Build configuration list for PBXNativeTarget "JRNL" */ = {
			isa = XCConfigurationList;
			buildConfigurations = (
				AF3327222BEA0B81001B1C87 /* Debug */,
				AF3327232BEA0B81001B1C87 /* Release */,
			);
			defaultConfigurationIsVisible = 0;
			defaultConfigurationName = Release;
		};
/* End XCConfigurationList section */
	};
	rootObject = AF3327052BEA0B7E001B1C87 /* Project object */;
}
